// !$*UTF8*$!
{
	archiveVersion = 1;
	classes = {
	};
	objectVersion = 55;
	objects = {

/* Begin PBXBuildFile section */
		6A1192512875D53A00699FC6 /* MessageEnum.swift in Sources */ = {isa = PBXBuildFile; fileRef = 6A1192502875D53A00699FC6 /* MessageEnum.swift */; };
		6A1953042882A1B100BF2A31 /* Player.swift in Sources */ = {isa = PBXBuildFile; fileRef = 6A1953032882A1B100BF2A31 /* Player.swift */; };
		6A1953442882CD7800BF2A31 /* ScoreEnum.swift in Sources */ = {isa = PBXBuildFile; fileRef = 6A1953432882CD7800BF2A31 /* ScoreEnum.swift */; };
		6A305902284E2FB100913DBD /* AppDelegate.swift in Sources */ = {isa = PBXBuildFile; fileRef = 6A305901284E2FB100913DBD /* AppDelegate.swift */; };
		6A305904284E2FB100913DBD /* SceneDelegate.swift in Sources */ = {isa = PBXBuildFile; fileRef = 6A305903284E2FB100913DBD /* SceneDelegate.swift */; };
		6A305906284E2FB100913DBD /* MainVC.swift in Sources */ = {isa = PBXBuildFile; fileRef = 6A305905284E2FB100913DBD /* MainVC.swift */; };
		6A305909284E2FB100913DBD /* Main.storyboard in Resources */ = {isa = PBXBuildFile; fileRef = 6A305907284E2FB100913DBD /* Main.storyboard */; };
		6A30590B284E2FB300913DBD /* Assets.xcassets in Resources */ = {isa = PBXBuildFile; fileRef = 6A30590A284E2FB300913DBD /* Assets.xcassets */; };
		6A30590E284E2FB300913DBD /* LaunchScreen.storyboard in Resources */ = {isa = PBXBuildFile; fileRef = 6A30590C284E2FB300913DBD /* LaunchScreen.storyboard */; };
		6A305919284E2FB400913DBD /* NiuNiuTests.swift in Sources */ = {isa = PBXBuildFile; fileRef = 6A305918284E2FB400913DBD /* NiuNiuTests.swift */; };
		6A305923284E2FB400913DBD /* NiuNiuUITests.swift in Sources */ = {isa = PBXBuildFile; fileRef = 6A305922284E2FB400913DBD /* NiuNiuUITests.swift */; };
		6A305925284E2FB400913DBD /* NiuNiuUITestsLaunchTests.swift in Sources */ = {isa = PBXBuildFile; fileRef = 6A305924284E2FB400913DBD /* NiuNiuUITestsLaunchTests.swift */; };
		6A364733288A92A4001EF1D5 /* PlayerEnum.swift in Sources */ = {isa = PBXBuildFile; fileRef = 6A364732288A92A4001EF1D5 /* PlayerEnum.swift */; };
		6A3B3B2D286F14F900E43530 /* SeacherVC.swift in Sources */ = {isa = PBXBuildFile; fileRef = 6A3B3B2C286F14F900E43530 /* SeacherVC.swift */; };
		6A4D0240287D6E14003B2D7B /* Deck.swift in Sources */ = {isa = PBXBuildFile; fileRef = 6A4D023F287D6E14003B2D7B /* Deck.swift */; };
		6A4D024A287DC94E003B2D7B /* Dealer.swift in Sources */ = {isa = PBXBuildFile; fileRef = 6A4D0249287DC94E003B2D7B /* Dealer.swift */; };
		6A64740928797F1B000D6EC0 /* Server.swift in Sources */ = {isa = PBXBuildFile; fileRef = 6A64740828797F1B000D6EC0 /* Server.swift */; };
		6A64740B28797F23000D6EC0 /* Client.swift in Sources */ = {isa = PBXBuildFile; fileRef = 6A64740A28797F23000D6EC0 /* Client.swift */; };
		6A6AE91D286DEC460067EE2D /* LobbyVC.swift in Sources */ = {isa = PBXBuildFile; fileRef = 6A6AE91C286DEC460067EE2D /* LobbyVC.swift */; };
		6A6EAE37288B012700A89421 /* Utils.swift in Sources */ = {isa = PBXBuildFile; fileRef = 6A6EAE36288B012700A89421 /* Utils.swift */; };
		6A94FB0D288C4C0000C76513 /* EndVC.swift in Sources */ = {isa = PBXBuildFile; fileRef = 6A94FB0C288C4C0000C76513 /* EndVC.swift */; };
		6AA2360A2876AB450000F47E /* Message.swift in Sources */ = {isa = PBXBuildFile; fileRef = 6AA236092876AB450000F47E /* Message.swift */; };
		6AA2360C2876ABC80000F47E /* Card.swift in Sources */ = {isa = PBXBuildFile; fileRef = 6AA2360B2876ABC80000F47E /* Card.swift */; };
		6AA2360E2876ABE10000F47E /* RankEnum.swift in Sources */ = {isa = PBXBuildFile; fileRef = 6AA2360D2876ABE10000F47E /* RankEnum.swift */; };
		6AA236102876ABF10000F47E /* SuitEnum.swift in Sources */ = {isa = PBXBuildFile; fileRef = 6AA2360F2876ABF10000F47E /* SuitEnum.swift */; };
		6ABAA99128A0E8C70015A241 /* Settings.swift in Sources */ = {isa = PBXBuildFile; fileRef = 6ABAA99028A0E8C70015A241 /* Settings.swift */; };
		6AE46352288D8C6A004025E5 /* GameVC.swift in Sources */ = {isa = PBXBuildFile; fileRef = 6AE46351288D8C6A004025E5 /* GameVC.swift */; };
		6AF941F428A0440100F007A9 /* SettingsVC.swift in Sources */ = {isa = PBXBuildFile; fileRef = 6AF941F328A0440100F007A9 /* SettingsVC.swift */; };
		6AF941F628A0442100F007A9 /* IstructionsVC.swift in Sources */ = {isa = PBXBuildFile; fileRef = 6AF941F528A0442100F007A9 /* IstructionsVC.swift */; };
/* End PBXBuildFile section */

/* Begin PBXContainerItemProxy section */
		6A305915284E2FB400913DBD /* PBXContainerItemProxy */ = {
			isa = PBXContainerItemProxy;
			containerPortal = 6A3058F6284E2FB100913DBD /* Project object */;
			proxyType = 1;
			remoteGlobalIDString = 6A3058FD284E2FB100913DBD;
			remoteInfo = NiuNiu;
		};
		6A30591F284E2FB400913DBD /* PBXContainerItemProxy */ = {
			isa = PBXContainerItemProxy;
			containerPortal = 6A3058F6284E2FB100913DBD /* Project object */;
			proxyType = 1;
			remoteGlobalIDString = 6A3058FD284E2FB100913DBD;
			remoteInfo = NiuNiu;
		};
/* End PBXContainerItemProxy section */

/* Begin PBXFileReference section */
		6A1192502875D53A00699FC6 /* MessageEnum.swift */ = {isa = PBXFileReference; lastKnownFileType = sourcecode.swift; path = MessageEnum.swift; sourceTree = "<group>"; };
		6A1192522875DBAB00699FC6 /* TODO.md */ = {isa = PBXFileReference; lastKnownFileType = net.daringfireball.markdown; path = TODO.md; sourceTree = "<group>"; };
		6A1953032882A1B100BF2A31 /* Player.swift */ = {isa = PBXFileReference; lastKnownFileType = sourcecode.swift; path = Player.swift; sourceTree = "<group>"; };
		6A1953432882CD7800BF2A31 /* ScoreEnum.swift */ = {isa = PBXFileReference; lastKnownFileType = sourcecode.swift; path = ScoreEnum.swift; sourceTree = "<group>"; };
		6A3058FE284E2FB100913DBD /* NiuNiu.app */ = {isa = PBXFileReference; explicitFileType = wrapper.application; includeInIndex = 0; path = NiuNiu.app; sourceTree = BUILT_PRODUCTS_DIR; };
		6A305901284E2FB100913DBD /* AppDelegate.swift */ = {isa = PBXFileReference; lastKnownFileType = sourcecode.swift; path = AppDelegate.swift; sourceTree = "<group>"; };
		6A305903284E2FB100913DBD /* SceneDelegate.swift */ = {isa = PBXFileReference; lastKnownFileType = sourcecode.swift; path = SceneDelegate.swift; sourceTree = "<group>"; };
		6A305905284E2FB100913DBD /* MainVC.swift */ = {isa = PBXFileReference; lastKnownFileType = sourcecode.swift; path = MainVC.swift; sourceTree = "<group>"; };
		6A305908284E2FB100913DBD /* Base */ = {isa = PBXFileReference; lastKnownFileType = file.storyboard; name = Base; path = Base.lproj/Main.storyboard; sourceTree = "<group>"; };
		6A30590A284E2FB300913DBD /* Assets.xcassets */ = {isa = PBXFileReference; lastKnownFileType = folder.assetcatalog; path = Assets.xcassets; sourceTree = "<group>"; };
		6A30590D284E2FB300913DBD /* Base */ = {isa = PBXFileReference; lastKnownFileType = file.storyboard; name = Base; path = Base.lproj/LaunchScreen.storyboard; sourceTree = "<group>"; };
		6A30590F284E2FB300913DBD /* Info.plist */ = {isa = PBXFileReference; lastKnownFileType = text.plist.xml; path = Info.plist; sourceTree = "<group>"; };
		6A305914284E2FB400913DBD /* NiuNiuTests.xctest */ = {isa = PBXFileReference; explicitFileType = wrapper.cfbundle; includeInIndex = 0; path = NiuNiuTests.xctest; sourceTree = BUILT_PRODUCTS_DIR; };
		6A305918284E2FB400913DBD /* NiuNiuTests.swift */ = {isa = PBXFileReference; lastKnownFileType = sourcecode.swift; path = NiuNiuTests.swift; sourceTree = "<group>"; };
		6A30591E284E2FB400913DBD /* NiuNiuUITests.xctest */ = {isa = PBXFileReference; explicitFileType = wrapper.cfbundle; includeInIndex = 0; path = NiuNiuUITests.xctest; sourceTree = BUILT_PRODUCTS_DIR; };
		6A305922284E2FB400913DBD /* NiuNiuUITests.swift */ = {isa = PBXFileReference; lastKnownFileType = sourcecode.swift; path = NiuNiuUITests.swift; sourceTree = "<group>"; };
		6A305924284E2FB400913DBD /* NiuNiuUITestsLaunchTests.swift */ = {isa = PBXFileReference; lastKnownFileType = sourcecode.swift; path = NiuNiuUITestsLaunchTests.swift; sourceTree = "<group>"; };
		6A305931284E2FE500913DBD /* README.md */ = {isa = PBXFileReference; lastKnownFileType = net.daringfireball.markdown; path = README.md; sourceTree = "<group>"; };
		6A364732288A92A4001EF1D5 /* PlayerEnum.swift */ = {isa = PBXFileReference; lastKnownFileType = sourcecode.swift; path = PlayerEnum.swift; sourceTree = "<group>"; };
		6A3B3B2C286F14F900E43530 /* SeacherVC.swift */ = {isa = PBXFileReference; lastKnownFileType = sourcecode.swift; path = SeacherVC.swift; sourceTree = "<group>"; };
		6A4D023F287D6E14003B2D7B /* Deck.swift */ = {isa = PBXFileReference; lastKnownFileType = sourcecode.swift; path = Deck.swift; sourceTree = "<group>"; };
		6A4D0249287DC94E003B2D7B /* Dealer.swift */ = {isa = PBXFileReference; lastKnownFileType = sourcecode.swift; path = Dealer.swift; sourceTree = "<group>"; };
		6A64740828797F1B000D6EC0 /* Server.swift */ = {isa = PBXFileReference; lastKnownFileType = sourcecode.swift; path = Server.swift; sourceTree = "<group>"; };
		6A64740A28797F23000D6EC0 /* Client.swift */ = {isa = PBXFileReference; lastKnownFileType = sourcecode.swift; path = Client.swift; sourceTree = "<group>"; };
		6A6AE91C286DEC460067EE2D /* LobbyVC.swift */ = {isa = PBXFileReference; lastKnownFileType = sourcecode.swift; path = LobbyVC.swift; sourceTree = "<group>"; };
		6A6EAE36288B012700A89421 /* Utils.swift */ = {isa = PBXFileReference; lastKnownFileType = sourcecode.swift; path = Utils.swift; sourceTree = "<group>"; };
		6A94FB0C288C4C0000C76513 /* EndVC.swift */ = {isa = PBXFileReference; lastKnownFileType = sourcecode.swift; path = EndVC.swift; sourceTree = "<group>"; };
		6AA236092876AB450000F47E /* Message.swift */ = {isa = PBXFileReference; lastKnownFileType = sourcecode.swift; path = Message.swift; sourceTree = "<group>"; };
		6AA2360B2876ABC80000F47E /* Card.swift */ = {isa = PBXFileReference; lastKnownFileType = sourcecode.swift; path = Card.swift; sourceTree = "<group>"; };
		6AA2360D2876ABE10000F47E /* RankEnum.swift */ = {isa = PBXFileReference; lastKnownFileType = sourcecode.swift; path = RankEnum.swift; sourceTree = "<group>"; };
		6AA2360F2876ABF10000F47E /* SuitEnum.swift */ = {isa = PBXFileReference; lastKnownFileType = sourcecode.swift; path = SuitEnum.swift; sourceTree = "<group>"; };
		6ABAA99028A0E8C70015A241 /* Settings.swift */ = {isa = PBXFileReference; lastKnownFileType = sourcecode.swift; path = Settings.swift; sourceTree = "<group>"; };
		6AE46351288D8C6A004025E5 /* GameVC.swift */ = {isa = PBXFileReference; lastKnownFileType = sourcecode.swift; path = GameVC.swift; sourceTree = "<group>"; };
		6AF941F328A0440100F007A9 /* SettingsVC.swift */ = {isa = PBXFileReference; lastKnownFileType = sourcecode.swift; path = SettingsVC.swift; sourceTree = "<group>"; };
		6AF941F528A0442100F007A9 /* IstructionsVC.swift */ = {isa = PBXFileReference; lastKnownFileType = sourcecode.swift; path = IstructionsVC.swift; sourceTree = "<group>"; };
/* End PBXFileReference section */

/* Begin PBXFrameworksBuildPhase section */
		6A3058FB284E2FB100913DBD /* Frameworks */ = {
			isa = PBXFrameworksBuildPhase;
			buildActionMask = 2147483647;
			files = (
			);
			runOnlyForDeploymentPostprocessing = 0;
		};
		6A305911284E2FB400913DBD /* Frameworks */ = {
			isa = PBXFrameworksBuildPhase;
			buildActionMask = 2147483647;
			files = (
			);
			runOnlyForDeploymentPostprocessing = 0;
		};
		6A30591B284E2FB400913DBD /* Frameworks */ = {
			isa = PBXFrameworksBuildPhase;
			buildActionMask = 2147483647;
			files = (
			);
			runOnlyForDeploymentPostprocessing = 0;
		};
/* End PBXFrameworksBuildPhase section */

/* Begin PBXGroup section */
		6A3058F5284E2FB100913DBD = {
			isa = PBXGroup;
			children = (
				6A305900284E2FB100913DBD /* NiuNiu */,
				6A305917284E2FB400913DBD /* NiuNiuTests */,
				6A305921284E2FB400913DBD /* NiuNiuUITests */,
				6A3058FF284E2FB100913DBD /* Products */,
			);
			sourceTree = "<group>";
		};
		6A3058FF284E2FB100913DBD /* Products */ = {
			isa = PBXGroup;
			children = (
				6A3058FE284E2FB100913DBD /* NiuNiu.app */,
				6A305914284E2FB400913DBD /* NiuNiuTests.xctest */,
				6A30591E284E2FB400913DBD /* NiuNiuUITests.xctest */,
			);
			name = Products;
			sourceTree = "<group>";
		};
		6A305900284E2FB100913DBD /* NiuNiu */ = {
			isa = PBXGroup;
			children = (
				6A305901284E2FB100913DBD /* AppDelegate.swift */,
				6A305903284E2FB100913DBD /* SceneDelegate.swift */,
				6A9E2DE8287475A200A0CD0F /* Models */,
				6A3B3B2E286F150400E43530 /* ViewController */,
				6A305907284E2FB100913DBD /* Main.storyboard */,
				6A30590A284E2FB300913DBD /* Assets.xcassets */,
				6A30590C284E2FB300913DBD /* LaunchScreen.storyboard */,
				6A30590F284E2FB300913DBD /* Info.plist */,
				6A305931284E2FE500913DBD /* README.md */,
				6A1192522875DBAB00699FC6 /* TODO.md */,
			);
			path = NiuNiu;
			sourceTree = "<group>";
		};
		6A305917284E2FB400913DBD /* NiuNiuTests */ = {
			isa = PBXGroup;
			children = (
				6A305918284E2FB400913DBD /* NiuNiuTests.swift */,
			);
			path = NiuNiuTests;
			sourceTree = "<group>";
		};
		6A305921284E2FB400913DBD /* NiuNiuUITests */ = {
			isa = PBXGroup;
			children = (
				6A305922284E2FB400913DBD /* NiuNiuUITests.swift */,
				6A305924284E2FB400913DBD /* NiuNiuUITestsLaunchTests.swift */,
			);
			path = NiuNiuUITests;
			sourceTree = "<group>";
		};
		6A3B3B2E286F150400E43530 /* ViewController */ = {
			isa = PBXGroup;
			children = (
				6A305905284E2FB100913DBD /* MainVC.swift */,
				6AF941F528A0442100F007A9 /* IstructionsVC.swift */,
				6AF941F328A0440100F007A9 /* SettingsVC.swift */,
				6A3B3B2C286F14F900E43530 /* SeacherVC.swift */,
				6A6AE91C286DEC460067EE2D /* LobbyVC.swift */,
				6AE46351288D8C6A004025E5 /* GameVC.swift */,
				6A94FB0C288C4C0000C76513 /* EndVC.swift */,
			);
			path = ViewController;
			sourceTree = "<group>";
		};
		6A4D023D287D6AE9003B2D7B /* Communication */ = {
			isa = PBXGroup;
			children = (
				6A1192502875D53A00699FC6 /* MessageEnum.swift */,
				6AA236092876AB450000F47E /* Message.swift */,
				6A64740828797F1B000D6EC0 /* Server.swift */,
				6A64740A28797F23000D6EC0 /* Client.swift */,
			);
			path = Communication;
			sourceTree = "<group>";
		};
		6A4D023E287D6B09003B2D7B /* Game */ = {
			isa = PBXGroup;
			children = (
				6A1953432882CD7800BF2A31 /* ScoreEnum.swift */,
				6AA2360F2876ABF10000F47E /* SuitEnum.swift */,
				6AA2360D2876ABE10000F47E /* RankEnum.swift */,
				6AA2360B2876ABC80000F47E /* Card.swift */,
				6A364732288A92A4001EF1D5 /* PlayerEnum.swift */,
				6A1953032882A1B100BF2A31 /* Player.swift */,
				6A4D023F287D6E14003B2D7B /* Deck.swift */,
				6A4D0249287DC94E003B2D7B /* Dealer.swift */,
			);
			path = Game;
			sourceTree = "<group>";
		};
		6A9E2DE8287475A200A0CD0F /* Models */ = {
			isa = PBXGroup;
			children = (
				6ABAA99228A0E8E10015A241 /* Utility */,
				6A4D023E287D6B09003B2D7B /* Game */,
				6A4D023D287D6AE9003B2D7B /* Communication */,
			);
			path = Models;
			sourceTree = "<group>";
		};
		6ABAA99228A0E8E10015A241 /* Utility */ = {
			isa = PBXGroup;
			children = (
				6ABAA99028A0E8C70015A241 /* Settings.swift */,
				6A6EAE36288B012700A89421 /* Utils.swift */,
			);
			path = Utility;
			sourceTree = "<group>";
		};
/* End PBXGroup section */

/* Begin PBXNativeTarget section */
		6A3058FD284E2FB100913DBD /* NiuNiu */ = {
			isa = PBXNativeTarget;
			buildConfigurationList = 6A305928284E2FB400913DBD /* Build configuration list for PBXNativeTarget "NiuNiu" */;
			buildPhases = (
				6A3058FA284E2FB100913DBD /* Sources */,
				6A3058FB284E2FB100913DBD /* Frameworks */,
				6A3058FC284E2FB100913DBD /* Resources */,
			);
			buildRules = (
			);
			dependencies = (
			);
			name = NiuNiu;
			productName = NiuNiu;
			productReference = 6A3058FE284E2FB100913DBD /* NiuNiu.app */;
			productType = "com.apple.product-type.application";
		};
		6A305913284E2FB400913DBD /* NiuNiuTests */ = {
			isa = PBXNativeTarget;
			buildConfigurationList = 6A30592B284E2FB400913DBD /* Build configuration list for PBXNativeTarget "NiuNiuTests" */;
			buildPhases = (
				6A305910284E2FB400913DBD /* Sources */,
				6A305911284E2FB400913DBD /* Frameworks */,
				6A305912284E2FB400913DBD /* Resources */,
			);
			buildRules = (
			);
			dependencies = (
				6A305916284E2FB400913DBD /* PBXTargetDependency */,
			);
			name = NiuNiuTests;
			productName = NiuNiuTests;
			productReference = 6A305914284E2FB400913DBD /* NiuNiuTests.xctest */;
			productType = "com.apple.product-type.bundle.unit-test";
		};
		6A30591D284E2FB400913DBD /* NiuNiuUITests */ = {
			isa = PBXNativeTarget;
			buildConfigurationList = 6A30592E284E2FB400913DBD /* Build configuration list for PBXNativeTarget "NiuNiuUITests" */;
			buildPhases = (
				6A30591A284E2FB400913DBD /* Sources */,
				6A30591B284E2FB400913DBD /* Frameworks */,
				6A30591C284E2FB400913DBD /* Resources */,
			);
			buildRules = (
			);
			dependencies = (
				6A305920284E2FB400913DBD /* PBXTargetDependency */,
			);
			name = NiuNiuUITests;
			productName = NiuNiuUITests;
			productReference = 6A30591E284E2FB400913DBD /* NiuNiuUITests.xctest */;
			productType = "com.apple.product-type.bundle.ui-testing";
		};
/* End PBXNativeTarget section */

/* Begin PBXProject section */
		6A3058F6284E2FB100913DBD /* Project object */ = {
			isa = PBXProject;
			attributes = {
				BuildIndependentTargetsInParallel = 1;
				LastSwiftUpdateCheck = 1340;
				LastUpgradeCheck = 1340;
				TargetAttributes = {
					6A3058FD284E2FB100913DBD = {
						CreatedOnToolsVersion = 13.4.1;
					};
					6A305913284E2FB400913DBD = {
						CreatedOnToolsVersion = 13.4.1;
						TestTargetID = 6A3058FD284E2FB100913DBD;
					};
					6A30591D284E2FB400913DBD = {
						CreatedOnToolsVersion = 13.4.1;
						TestTargetID = 6A3058FD284E2FB100913DBD;
					};
				};
			};
			buildConfigurationList = 6A3058F9284E2FB100913DBD /* Build configuration list for PBXProject "NiuNiu" */;
			compatibilityVersion = "Xcode 13.0";
			developmentRegion = en;
			hasScannedForEncodings = 0;
			knownRegions = (
				en,
				Base,
			);
			mainGroup = 6A3058F5284E2FB100913DBD;
			productRefGroup = 6A3058FF284E2FB100913DBD /* Products */;
			projectDirPath = "";
			projectRoot = "";
			targets = (
				6A3058FD284E2FB100913DBD /* NiuNiu */,
				6A305913284E2FB400913DBD /* NiuNiuTests */,
				6A30591D284E2FB400913DBD /* NiuNiuUITests */,
			);
		};
/* End PBXProject section */

/* Begin PBXResourcesBuildPhase section */
		6A3058FC284E2FB100913DBD /* Resources */ = {
			isa = PBXResourcesBuildPhase;
			buildActionMask = 2147483647;
			files = (
				6A30590E284E2FB300913DBD /* LaunchScreen.storyboard in Resources */,
				6A30590B284E2FB300913DBD /* Assets.xcassets in Resources */,
				6A305909284E2FB100913DBD /* Main.storyboard in Resources */,
			);
			runOnlyForDeploymentPostprocessing = 0;
		};
		6A305912284E2FB400913DBD /* Resources */ = {
			isa = PBXResourcesBuildPhase;
			buildActionMask = 2147483647;
			files = (
			);
			runOnlyForDeploymentPostprocessing = 0;
		};
		6A30591C284E2FB400913DBD /* Resources */ = {
			isa = PBXResourcesBuildPhase;
			buildActionMask = 2147483647;
			files = (
			);
			runOnlyForDeploymentPostprocessing = 0;
		};
/* End PBXResourcesBuildPhase section */

/* Begin PBXSourcesBuildPhase section */
		6A3058FA284E2FB100913DBD /* Sources */ = {
			isa = PBXSourcesBuildPhase;
			buildActionMask = 2147483647;
			files = (
				6A1953442882CD7800BF2A31 /* ScoreEnum.swift in Sources */,
				6A64740928797F1B000D6EC0 /* Server.swift in Sources */,
				6A4D024A287DC94E003B2D7B /* Dealer.swift in Sources */,
				6A6AE91D286DEC460067EE2D /* LobbyVC.swift in Sources */,
				6A305906284E2FB100913DBD /* MainVC.swift in Sources */,
				6A6EAE37288B012700A89421 /* Utils.swift in Sources */,
				6A364733288A92A4001EF1D5 /* PlayerEnum.swift in Sources */,
				6AE46352288D8C6A004025E5 /* GameVC.swift in Sources */,
				6ABAA99128A0E8C70015A241 /* Settings.swift in Sources */,
				6A305902284E2FB100913DBD /* AppDelegate.swift in Sources */,
				6A3B3B2D286F14F900E43530 /* SeacherVC.swift in Sources */,
				6AA2360E2876ABE10000F47E /* RankEnum.swift in Sources */,
				6AA2360C2876ABC80000F47E /* Card.swift in Sources */,
				6AF941F628A0442100F007A9 /* IstructionsVC.swift in Sources */,
				6A1953042882A1B100BF2A31 /* Player.swift in Sources */,
				6A64740B28797F23000D6EC0 /* Client.swift in Sources */,
				6A305904284E2FB100913DBD /* SceneDelegate.swift in Sources */,
				6A4D0240287D6E14003B2D7B /* Deck.swift in Sources */,
				6AA2360A2876AB450000F47E /* Message.swift in Sources */,
				6A1192512875D53A00699FC6 /* MessageEnum.swift in Sources */,
				6A94FB0D288C4C0000C76513 /* EndVC.swift in Sources */,
				6AA236102876ABF10000F47E /* SuitEnum.swift in Sources */,
				6AF941F428A0440100F007A9 /* SettingsVC.swift in Sources */,
			);
			runOnlyForDeploymentPostprocessing = 0;
		};
		6A305910284E2FB400913DBD /* Sources */ = {
			isa = PBXSourcesBuildPhase;
			buildActionMask = 2147483647;
			files = (
				6A305919284E2FB400913DBD /* NiuNiuTests.swift in Sources */,
			);
			runOnlyForDeploymentPostprocessing = 0;
		};
		6A30591A284E2FB400913DBD /* Sources */ = {
			isa = PBXSourcesBuildPhase;
			buildActionMask = 2147483647;
			files = (
				6A305925284E2FB400913DBD /* NiuNiuUITestsLaunchTests.swift in Sources */,
				6A305923284E2FB400913DBD /* NiuNiuUITests.swift in Sources */,
			);
			runOnlyForDeploymentPostprocessing = 0;
		};
/* End PBXSourcesBuildPhase section */

/* Begin PBXTargetDependency section */
		6A305916284E2FB400913DBD /* PBXTargetDependency */ = {
			isa = PBXTargetDependency;
			target = 6A3058FD284E2FB100913DBD /* NiuNiu */;
			targetProxy = 6A305915284E2FB400913DBD /* PBXContainerItemProxy */;
		};
		6A305920284E2FB400913DBD /* PBXTargetDependency */ = {
			isa = PBXTargetDependency;
			target = 6A3058FD284E2FB100913DBD /* NiuNiu */;
			targetProxy = 6A30591F284E2FB400913DBD /* PBXContainerItemProxy */;
		};
/* End PBXTargetDependency section */

/* Begin PBXVariantGroup section */
		6A305907284E2FB100913DBD /* Main.storyboard */ = {
			isa = PBXVariantGroup;
			children = (
				6A305908284E2FB100913DBD /* Base */,
			);
			name = Main.storyboard;
			sourceTree = "<group>";
		};
		6A30590C284E2FB300913DBD /* LaunchScreen.storyboard */ = {
			isa = PBXVariantGroup;
			children = (
				6A30590D284E2FB300913DBD /* Base */,
			);
			name = LaunchScreen.storyboard;
			sourceTree = "<group>";
		};
/* End PBXVariantGroup section */

/* Begin XCBuildConfiguration section */
		6A305926284E2FB400913DBD /* Debug */ = {
			isa = XCBuildConfiguration;
			buildSettings = {
				ALWAYS_SEARCH_USER_PATHS = NO;
				CLANG_ANALYZER_NONNULL = YES;
				CLANG_ANALYZER_NUMBER_OBJECT_CONVERSION = YES_AGGRESSIVE;
				CLANG_CXX_LANGUAGE_STANDARD = "gnu++17";
				CLANG_ENABLE_MODULES = YES;
				CLANG_ENABLE_OBJC_ARC = YES;
				CLANG_ENABLE_OBJC_WEAK = YES;
				CLANG_WARN_BLOCK_CAPTURE_AUTORELEASING = YES;
				CLANG_WARN_BOOL_CONVERSION = YES;
				CLANG_WARN_COMMA = YES;
				CLANG_WARN_CONSTANT_CONVERSION = YES;
				CLANG_WARN_DEPRECATED_OBJC_IMPLEMENTATIONS = YES;
				CLANG_WARN_DIRECT_OBJC_ISA_USAGE = YES_ERROR;
				CLANG_WARN_DOCUMENTATION_COMMENTS = YES;
				CLANG_WARN_EMPTY_BODY = YES;
				CLANG_WARN_ENUM_CONVERSION = YES;
				CLANG_WARN_INFINITE_RECURSION = YES;
				CLANG_WARN_INT_CONVERSION = YES;
				CLANG_WARN_NON_LITERAL_NULL_CONVERSION = YES;
				CLANG_WARN_OBJC_IMPLICIT_RETAIN_SELF = YES;
				CLANG_WARN_OBJC_LITERAL_CONVERSION = YES;
				CLANG_WARN_OBJC_ROOT_CLASS = YES_ERROR;
				CLANG_WARN_QUOTED_INCLUDE_IN_FRAMEWORK_HEADER = YES;
				CLANG_WARN_RANGE_LOOP_ANALYSIS = YES;
				CLANG_WARN_STRICT_PROTOTYPES = YES;
				CLANG_WARN_SUSPICIOUS_MOVE = YES;
				CLANG_WARN_UNGUARDED_AVAILABILITY = YES_AGGRESSIVE;
				CLANG_WARN_UNREACHABLE_CODE = YES;
				CLANG_WARN__DUPLICATE_METHOD_MATCH = YES;
				COPY_PHASE_STRIP = NO;
				DEBUG_INFORMATION_FORMAT = dwarf;
				ENABLE_STRICT_OBJC_MSGSEND = YES;
				ENABLE_TESTABILITY = YES;
				GCC_C_LANGUAGE_STANDARD = gnu11;
				GCC_DYNAMIC_NO_PIC = NO;
				GCC_NO_COMMON_BLOCKS = YES;
				GCC_OPTIMIZATION_LEVEL = 0;
				GCC_PREPROCESSOR_DEFINITIONS = (
					"DEBUG=1",
					"$(inherited)",
				);
				GCC_WARN_64_TO_32_BIT_CONVERSION = YES;
				GCC_WARN_ABOUT_RETURN_TYPE = YES_ERROR;
				GCC_WARN_UNDECLARED_SELECTOR = YES;
				GCC_WARN_UNINITIALIZED_AUTOS = YES_AGGRESSIVE;
				GCC_WARN_UNUSED_FUNCTION = YES;
				GCC_WARN_UNUSED_VARIABLE = YES;
				IPHONEOS_DEPLOYMENT_TARGET = 15.5;
				MTL_ENABLE_DEBUG_INFO = INCLUDE_SOURCE;
				MTL_FAST_MATH = YES;
				ONLY_ACTIVE_ARCH = YES;
				SDKROOT = iphoneos;
				SWIFT_ACTIVE_COMPILATION_CONDITIONS = DEBUG;
				SWIFT_OPTIMIZATION_LEVEL = "-Onone";
			};
			name = Debug;
		};
		6A305927284E2FB400913DBD /* Release */ = {
			isa = XCBuildConfiguration;
			buildSettings = {
				ALWAYS_SEARCH_USER_PATHS = NO;
				CLANG_ANALYZER_NONNULL = YES;
				CLANG_ANALYZER_NUMBER_OBJECT_CONVERSION = YES_AGGRESSIVE;
				CLANG_CXX_LANGUAGE_STANDARD = "gnu++17";
				CLANG_ENABLE_MODULES = YES;
				CLANG_ENABLE_OBJC_ARC = YES;
				CLANG_ENABLE_OBJC_WEAK = YES;
				CLANG_WARN_BLOCK_CAPTURE_AUTORELEASING = YES;
				CLANG_WARN_BOOL_CONVERSION = YES;
				CLANG_WARN_COMMA = YES;
				CLANG_WARN_CONSTANT_CONVERSION = YES;
				CLANG_WARN_DEPRECATED_OBJC_IMPLEMENTATIONS = YES;
				CLANG_WARN_DIRECT_OBJC_ISA_USAGE = YES_ERROR;
				CLANG_WARN_DOCUMENTATION_COMMENTS = YES;
				CLANG_WARN_EMPTY_BODY = YES;
				CLANG_WARN_ENUM_CONVERSION = YES;
				CLANG_WARN_INFINITE_RECURSION = YES;
				CLANG_WARN_INT_CONVERSION = YES;
				CLANG_WARN_NON_LITERAL_NULL_CONVERSION = YES;
				CLANG_WARN_OBJC_IMPLICIT_RETAIN_SELF = YES;
				CLANG_WARN_OBJC_LITERAL_CONVERSION = YES;
				CLANG_WARN_OBJC_ROOT_CLASS = YES_ERROR;
				CLANG_WARN_QUOTED_INCLUDE_IN_FRAMEWORK_HEADER = YES;
				CLANG_WARN_RANGE_LOOP_ANALYSIS = YES;
				CLANG_WARN_STRICT_PROTOTYPES = YES;
				CLANG_WARN_SUSPICIOUS_MOVE = YES;
				CLANG_WARN_UNGUARDED_AVAILABILITY = YES_AGGRESSIVE;
				CLANG_WARN_UNREACHABLE_CODE = YES;
				CLANG_WARN__DUPLICATE_METHOD_MATCH = YES;
				COPY_PHASE_STRIP = NO;
				DEBUG_INFORMATION_FORMAT = "dwarf-with-dsym";
				ENABLE_NS_ASSERTIONS = NO;
				ENABLE_STRICT_OBJC_MSGSEND = YES;
				GCC_C_LANGUAGE_STANDARD = gnu11;
				GCC_NO_COMMON_BLOCKS = YES;
				GCC_WARN_64_TO_32_BIT_CONVERSION = YES;
				GCC_WARN_ABOUT_RETURN_TYPE = YES_ERROR;
				GCC_WARN_UNDECLARED_SELECTOR = YES;
				GCC_WARN_UNINITIALIZED_AUTOS = YES_AGGRESSIVE;
				GCC_WARN_UNUSED_FUNCTION = YES;
				GCC_WARN_UNUSED_VARIABLE = YES;
				IPHONEOS_DEPLOYMENT_TARGET = 15.5;
				MTL_ENABLE_DEBUG_INFO = NO;
				MTL_FAST_MATH = YES;
				SDKROOT = iphoneos;
				SWIFT_COMPILATION_MODE = wholemodule;
				SWIFT_OPTIMIZATION_LEVEL = "-O";
				VALIDATE_PRODUCT = YES;
			};
			name = Release;
		};
		6A305929284E2FB400913DBD /* Debug */ = {
			isa = XCBuildConfiguration;
			buildSettings = {
				ASSETCATALOG_COMPILER_APPICON_NAME = AppIcon;
				ASSETCATALOG_COMPILER_GLOBAL_ACCENT_COLOR_NAME = AccentColor;
				CODE_SIGN_STYLE = Automatic;
				CURRENT_PROJECT_VERSION = 1;
				DEVELOPMENT_TEAM = TNHQJA7N7F;
				GENERATE_INFOPLIST_FILE = YES;
				INFOPLIST_FILE = NiuNiu/Info.plist;
				INFOPLIST_KEY_UIApplicationSupportsIndirectInputEvents = YES;
				INFOPLIST_KEY_UILaunchStoryboardName = LaunchScreen;
				INFOPLIST_KEY_UIMainStoryboardFile = Main;
				INFOPLIST_KEY_UISupportedInterfaceOrientations_iPad = "UIInterfaceOrientationPortrait UIInterfaceOrientationPortraitUpsideDown UIInterfaceOrientationLandscapeLeft UIInterfaceOrientationLandscapeRight";
				INFOPLIST_KEY_UISupportedInterfaceOrientations_iPhone = "UIInterfaceOrientationPortrait UIInterfaceOrientationLandscapeLeft UIInterfaceOrientationLandscapeRight";
				LD_RUNPATH_SEARCH_PATHS = (
					"$(inherited)",
					"@executable_path/Frameworks",
				);
				MARKETING_VERSION = 1.0;
				PRODUCT_BUNDLE_IDENTIFIER = "Han-Chu.NiuNiu";
				PRODUCT_NAME = "$(TARGET_NAME)";
				SWIFT_EMIT_LOC_STRINGS = YES;
				SWIFT_VERSION = 5.0;
				TARGETED_DEVICE_FAMILY = "1,2";
			};
			name = Debug;
		};
		6A30592A284E2FB400913DBD /* Release */ = {
			isa = XCBuildConfiguration;
			buildSettings = {
				ASSETCATALOG_COMPILER_APPICON_NAME = AppIcon;
				ASSETCATALOG_COMPILER_GLOBAL_ACCENT_COLOR_NAME = AccentColor;
				CODE_SIGN_STYLE = Automatic;
				CURRENT_PROJECT_VERSION = 1;
				DEVELOPMENT_TEAM = TNHQJA7N7F;
				GENERATE_INFOPLIST_FILE = YES;
				INFOPLIST_FILE = NiuNiu/Info.plist;
				INFOPLIST_KEY_UIApplicationSupportsIndirectInputEvents = YES;
				INFOPLIST_KEY_UILaunchStoryboardName = LaunchScreen;
				INFOPLIST_KEY_UIMainStoryboardFile = Main;
				INFOPLIST_KEY_UISupportedInterfaceOrientations_iPad = "UIInterfaceOrientationPortrait UIInterfaceOrientationPortraitUpsideDown UIInterfaceOrientationLandscapeLeft UIInterfaceOrientationLandscapeRight";
				INFOPLIST_KEY_UISupportedInterfaceOrientations_iPhone = "UIInterfaceOrientationPortrait UIInterfaceOrientationLandscapeLeft UIInterfaceOrientationLandscapeRight";
				LD_RUNPATH_SEARCH_PATHS = (
					"$(inherited)",
					"@executable_path/Frameworks",
				);
				MARKETING_VERSION = 1.0;
				PRODUCT_BUNDLE_IDENTIFIER = "Han-Chu.NiuNiu";
				PRODUCT_NAME = "$(TARGET_NAME)";
				SWIFT_EMIT_LOC_STRINGS = YES;
				SWIFT_VERSION = 5.0;
				TARGETED_DEVICE_FAMILY = "1,2";
			};
			name = Release;
		};
		6A30592C284E2FB400913DBD /* Debug */ = {
			isa = XCBuildConfiguration;
			buildSettings = {
				ALWAYS_EMBED_SWIFT_STANDARD_LIBRARIES = YES;
				BUNDLE_LOADER = "$(TEST_HOST)";
				CODE_SIGN_STYLE = Automatic;
				CURRENT_PROJECT_VERSION = 1;
				DEVELOPMENT_TEAM = TNHQJA7N7F;
				GENERATE_INFOPLIST_FILE = YES;
				IPHONEOS_DEPLOYMENT_TARGET = 15.5;
				MARKETING_VERSION = 1.0;
				PRODUCT_BUNDLE_IDENTIFIER = "Han-Chu.NiuNiuTests";
				PRODUCT_NAME = "$(TARGET_NAME)";
				SWIFT_EMIT_LOC_STRINGS = NO;
				SWIFT_VERSION = 5.0;
				TARGETED_DEVICE_FAMILY = "1,2";
				TEST_HOST = "$(BUILT_PRODUCTS_DIR)/NiuNiu.app/NiuNiu";
			};
			name = Debug;
		};
		6A30592D284E2FB400913DBD /* Release */ = {
			isa = XCBuildConfiguration;
			buildSettings = {
				ALWAYS_EMBED_SWIFT_STANDARD_LIBRARIES = YES;
				BUNDLE_LOADER = "$(TEST_HOST)";
				CODE_SIGN_STYLE = Automatic;
				CURRENT_PROJECT_VERSION = 1;
				DEVELOPMENT_TEAM = TNHQJA7N7F;
				GENERATE_INFOPLIST_FILE = YES;
				IPHONEOS_DEPLOYMENT_TARGET = 15.5;
				MARKETING_VERSION = 1.0;
				PRODUCT_BUNDLE_IDENTIFIER = "Han-Chu.NiuNiuTests";
				PRODUCT_NAME = "$(TARGET_NAME)";
				SWIFT_EMIT_LOC_STRINGS = NO;
				SWIFT_VERSION = 5.0;
				TARGETED_DEVICE_FAMILY = "1,2";
				TEST_HOST = "$(BUILT_PRODUCTS_DIR)/NiuNiu.app/NiuNiu";
			};
			name = Release;
		};
		6A30592F284E2FB400913DBD /* Debug */ = {
			isa = XCBuildConfiguration;
			buildSettings = {
				ALWAYS_EMBED_SWIFT_STANDARD_LIBRARIES = YES;
				CODE_SIGN_STYLE = Automatic;
				CURRENT_PROJECT_VERSION = 1;
				DEVELOPMENT_TEAM = TNHQJA7N7F;
				GENERATE_INFOPLIST_FILE = YES;
				MARKETING_VERSION = 1.0;
				PRODUCT_BUNDLE_IDENTIFIER = "Han-Chu.NiuNiuUITests";
				PRODUCT_NAME = "$(TARGET_NAME)";
				SWIFT_EMIT_LOC_STRINGS = NO;
				SWIFT_VERSION = 5.0;
				TARGETED_DEVICE_FAMILY = "1,2";
				TEST_TARGET_NAME = NiuNiu;
			};
			name = Debug;
		};
		6A305930284E2FB400913DBD /* Release */ = {
			isa = XCBuildConfiguration;
			buildSettings = {
				ALWAYS_EMBED_SWIFT_STANDARD_LIBRARIES = YES;
				CODE_SIGN_STYLE = Automatic;
				CURRENT_PROJECT_VERSION = 1;
				DEVELOPMENT_TEAM = TNHQJA7N7F;
				GENERATE_INFOPLIST_FILE = YES;
				MARKETING_VERSION = 1.0;
				PRODUCT_BUNDLE_IDENTIFIER = "Han-Chu.NiuNiuUITests";
				PRODUCT_NAME = "$(TARGET_NAME)";
				SWIFT_EMIT_LOC_STRINGS = NO;
				SWIFT_VERSION = 5.0;
				TARGETED_DEVICE_FAMILY = "1,2";
				TEST_TARGET_NAME = NiuNiu;
			};
			name = Release;
		};
/* End XCBuildConfiguration section */

/* Begin XCConfigurationList section */
		6A3058F9284E2FB100913DBD /* Build configuration list for PBXProject "NiuNiu" */ = {
			isa = XCConfigurationList;
			buildConfigurations = (
				6A305926284E2FB400913DBD /* Debug */,
				6A305927284E2FB400913DBD /* Release */,
			);
			defaultConfigurationIsVisible = 0;
			defaultConfigurationName = Release;
		};
		6A305928284E2FB400913DBD /* Build configuration list for PBXNativeTarget "NiuNiu" */ = {
			isa = XCConfigurationList;
			buildConfigurations = (
				6A305929284E2FB400913DBD /* Debug */,
				6A30592A284E2FB400913DBD /* Release */,
			);
			defaultConfigurationIsVisible = 0;
			defaultConfigurationName = Release;
		};
		6A30592B284E2FB400913DBD /* Build configuration list for PBXNativeTarget "NiuNiuTests" */ = {
			isa = XCConfigurationList;
			buildConfigurations = (
				6A30592C284E2FB400913DBD /* Debug */,
				6A30592D284E2FB400913DBD /* Release */,
			);
			defaultConfigurationIsVisible = 0;
			defaultConfigurationName = Release;
		};
		6A30592E284E2FB400913DBD /* Build configuration list for PBXNativeTarget "NiuNiuUITests" */ = {
			isa = XCConfigurationList;
			buildConfigurations = (
				6A30592F284E2FB400913DBD /* Debug */,
				6A305930284E2FB400913DBD /* Release */,
			);
			defaultConfigurationIsVisible = 0;
			defaultConfigurationName = Release;
		};
/* End XCConfigurationList section */
	};
	rootObject = 6A3058F6284E2FB100913DBD /* Project object */;
}
